{
  "name": "utilerias",
  "version": "0.1.0",
  "lockfileVersion": 1,
  "requires": true,
  "dependencies": {
    "@uirouter/angularjs": {
      "version": "1.0.18",
      "resolved": "https://registry.npmjs.org/@uirouter/angularjs/-/angularjs-1.0.18.tgz",
      "integrity": "sha512-tswhwMMBDnbGOZnnCVpnA0pbd7dXkBck1HO0WY7fw8GO3dKbWAAc/rL0479dLypR89UDDGym5leTvZCLW4cJnA==",
      "requires": {
        "@uirouter/core": "5.0.19"
      }
    },
    "@uirouter/core": {
      "version": "5.0.19",
      "resolved": "https://registry.npmjs.org/@uirouter/core/-/core-5.0.19.tgz",
      "integrity": "sha512-wow+CKRThUAQkiTLNQCBsKQIU3NbH8GGH/w/TrcjKdvkZQA2jQB9QSqmmZxj7XNoZXY7QVcSSc4DWmxuSeAWmQ=="
    },
    "@uirouter/visualizer": {
      "version": "6.0.0",
      "resolved": "https://registry.npmjs.org/@uirouter/visualizer/-/visualizer-6.0.0.tgz",
      "integrity": "sha512-44VWMfOpqz7EpBkz0lXm25a6afaXnobnXnBnTFZr0POhYZTl6fuGb4rlCnWYIz7HD1W33PlbgUCiGx1CRDceYw==",
      "requires": {
        "d3-hierarchy": "1.1.6",
        "d3-interpolate": "1.2.0",
        "file-loader": "1.1.11",
        "preact": "8.2.9"
      }
    },
    "ajv": {
      "version": "6.5.0",
      "resolved": "https://registry.npmjs.org/ajv/-/ajv-6.5.0.tgz",
      "integrity": "sha512-VDUX1oSajablmiyFyED9L1DFndg0P9h7p1F+NO8FkIzei6EPrR6Zu1n18rd5P8PqaSRd/FrWv3G1TVBqpM83gA==",
      "requires": {
        "fast-deep-equal": "2.0.1",
        "fast-json-stable-stringify": "2.0.0",
        "json-schema-traverse": "0.3.1",
        "uri-js": "4.2.2"
      }
    },
    "ajv-keywords": {
      "version": "3.2.0",
      "resolved": "https://registry.npmjs.org/ajv-keywords/-/ajv-keywords-3.2.0.tgz",
      "integrity": "sha1-6GuBnGAs+IIa1jdBNpjx3sAhhHo="
    },
    "angular": {
      "version": "1.6.10",
      "resolved": "https://registry.npmjs.org/angular/-/angular-1.6.10.tgz",
      "integrity": "sha512-PCZ5/hVdvPQiYyH0VwsPjrErPHRcITnaXxhksceOXgtJeesKHLA7KDu4X/yvcAi+1zdGgGF+9pDxkJvghXI9Wg=="
    },
    "big.js": {
      "version": "3.2.0",
      "resolved": "https://registry.npmjs.org/big.js/-/big.js-3.2.0.tgz",
      "integrity": "sha512-+hN/Zh2D08Mx65pZ/4g5bsmNiZUuChDiQfTUQ7qJr4/kuopCr88xZsAXv6mBoZEsUI4OuGHlX59qE94K2mMW8Q=="
    },
    "d3-color": {
      "version": "1.2.0",
      "resolved": "https://registry.npmjs.org/d3-color/-/d3-color-1.2.0.tgz",
      "integrity": "sha512-dmL9Zr/v39aSSMnLOTd58in2RbregCg4UtGyUArvEKTTN6S3HKEy+ziBWVYo9PTzRyVW+pUBHUtRKz0HYX+SQg=="
    },
    "d3-hierarchy": {
      "version": "1.1.6",
      "resolved": "https://registry.npmjs.org/d3-hierarchy/-/d3-hierarchy-1.1.6.tgz",
      "integrity": "sha512-nn4bhBnwWnMSoZgkBXD7vRyZ0xVUsNMQRKytWYHhP1I4qHw+qzApCTgSQTZqMdf4XXZbTMqA59hFusga+THA/g=="
    },
    "d3-interpolate": {
      "version": "1.2.0",
      "resolved": "https://registry.npmjs.org/d3-interpolate/-/d3-interpolate-1.2.0.tgz",
      "integrity": "sha512-zLvTk8CREPFfc/2XglPQriAsXkzoRDAyBzndtKJWrZmHw7kmOWHNS11e40kPTd/oGk8P5mFJW5uBbcFQ+ybxyA==",
      "requires": {
        "d3-color": "1.2.0"
      }
    },
    "emojis-list": {
      "version": "2.1.0",
      "resolved": "https://registry.npmjs.org/emojis-list/-/emojis-list-2.1.0.tgz",
      "integrity": "sha1-TapNnbAPmBmIDHn6RXrlsJof04k="
    },
    "fast-deep-equal": {
      "version": "2.0.1",
      "resolved": "https://registry.npmjs.org/fast-deep-equal/-/fast-deep-equal-2.0.1.tgz",
      "integrity": "sha1-ewUhjd+WZ79/Nwv3/bLLFf3Qqkk="
    },
    "fast-json-stable-stringify": {
      "version": "2.0.0",
      "resolved": "https://registry.npmjs.org/fast-json-stable-stringify/-/fast-json-stable-stringify-2.0.0.tgz",
      "integrity": "sha1-1RQsDK7msRifh9OnYREGT4bIu/I="
    },
    "file-loader": {
      "version": "1.1.11",
      "resolved": "https://registry.npmjs.org/file-loader/-/file-loader-1.1.11.tgz",
      "integrity": "sha512-TGR4HU7HUsGg6GCOPJnFk06RhWgEWFLAGWiT6rcD+GRC2keU3s9RGJ+b3Z6/U73jwwNb2gKLJ7YCrp+jvU4ALg==",
      "requires": {
        "loader-utils": "1.1.0",
        "schema-utils": "0.4.5"
      }
    },
    "handsontable": {
      "version": "0.28.4",
      "resolved": "https://registry.npmjs.org/handsontable/-/handsontable-0.28.4.tgz",
      "integrity": "sha1-8xjnDZzrZdiMDrZ35M/2Bs/Ksec=",
      "requires": {
        "moment": "2.22.1",
        "numbro": "1.11.1",
        "pikaday": "1.7.0",
        "zeroclipboard": "2.3.0"
      }
    },
    "json-schema-traverse": {
      "version": "0.3.1",
      "resolved": "https://registry.npmjs.org/json-schema-traverse/-/json-schema-traverse-0.3.1.tgz",
      "integrity": "sha1-NJptRMU6Ud6JtAgFxdXlm0F9M0A="
    },
    "json5": {
      "version": "0.5.1",
      "resolved": "https://registry.npmjs.org/json5/-/json5-0.5.1.tgz",
      "integrity": "sha1-Hq3nrMASA0rYTiOWdn6tn6VJWCE="
    },
    "loader-utils": {
      "version": "1.1.0",
      "resolved": "https://registry.npmjs.org/loader-utils/-/loader-utils-1.1.0.tgz",
      "integrity": "sha1-yYrvSIvM7aL/teLeZG1qdUQp9c0=",
      "requires": {
        "big.js": "3.2.0",
        "emojis-list": "2.1.0",
        "json5": "0.5.1"
      }
    },
    "moment": {
      "version": "2.22.1",
      "resolved": "https://registry.npmjs.org/moment/-/moment-2.22.1.tgz",
      "integrity": "sha512-shJkRTSebXvsVqk56I+lkb2latjBs8I+pc2TzWc545y2iFnSjm7Wg0QMh+ZWcdSLQyGEau5jI8ocnmkyTgr9YQ=="
    },
    "ng-handsontable": {
      "version": "0.13.0",
      "resolved": "https://registry.npmjs.org/ng-handsontable/-/ng-handsontable-0.13.0.tgz",
      "integrity": "sha1-6WppGpkohifgZO1Uhb/T1G2XhhY=",
      "requires": {
        "angular": "1.6.10",
        "handsontable": "0.28.4"
      }
    },
    "numbro": {
      "version": "1.11.1",
      "resolved": "https://registry.npmjs.org/numbro/-/numbro-1.11.1.tgz",
      "integrity": "sha512-qL0Etqbunz4RtPx4bNjMONe9HyUpgbrM4Sa3VpWY5oRdp9ry5DufAj6lCvnIcluRBA9QUacrllYc73QK0G6VAw=="
    },
    "pikaday": {
      "version": "1.7.0",
      "resolved": "https://registry.npmjs.org/pikaday/-/pikaday-1.7.0.tgz",
      "integrity": "sha512-b1z65oFulNTKOdcg9+wTnZWBzfekf1AqPMCmmK9qH6aT7stqDyh76G6nLeuYr3WqchjW/7QLOBFmok14sCecsA==",
      "requires": {
        "moment": "2.22.1"
      }
    },
    "preact": {
      "version": "8.2.9",
      "resolved": "https://registry.npmjs.org/preact/-/preact-8.2.9.tgz",
      "integrity": "sha512-ThuGXBmJS3VsT+jIP+eQufD3L8pRw/PY3FoCys6O9Pu6aF12Pn9zAJDX99TfwRAFOCEKm/P0lwiPTbqKMJp0fA=="
    },
    "punycode": {
      "version": "2.1.1",
      "resolved": "https://registry.npmjs.org/punycode/-/punycode-2.1.1.tgz",
      "integrity": "sha512-XRsRjdf+j5ml+y/6GKHPZbrF/8p2Yga0JPtdqTIY2Xe5ohJPD9saDJJLPvp9+NSBprVvevdXZybnj2cv8OEd0A=="
    },
    "schema-utils": {
      "version": "0.4.5",
      "resolved": "https://registry.npmjs.org/schema-utils/-/schema-utils-0.4.5.tgz",
      "integrity": "sha512-yYrjb9TX2k/J1Y5UNy3KYdZq10xhYcF8nMpAW6o3hy6Q8WSIEf9lJHG/ePnOBfziPM3fvQwfOwa13U/Fh8qTfA==",
      "requires": {
        "ajv": "6.5.0",
        "ajv-keywords": "3.2.0"
      }
    },
    "uri-js": {
      "version": "4.2.2",
      "resolved": "https://registry.npmjs.org/uri-js/-/uri-js-4.2.2.tgz",
      "integrity": "sha512-KY9Frmirql91X2Qgjry0Wd4Y+YTdrdZheS8TFwvkbLWf/G5KNJDCh6pKL5OZctEW4+0Baa5idK2ZQuELRwPznQ==",
      "requires": {
        "punycode": "2.1.1"
      }
    },
    "zeroclipboard": {
      "version": "2.3.0",
      "resolved": "https://registry.npmjs.org/zeroclipboard/-/zeroclipboard-2.3.0.tgz",
      "integrity": "sha1-WS69gzpDCGiLBzlpfT2/mJACya8="
    }
  }
}
